
Microsoft Visual Studio Solution File, Format Version 12.00
# Visual Studio Version 16
VisualStudioVersion = 16.0.29709.97
MinimumVisualStudioVersion = 10.0.40219.1
Project("{FAE04EC0-301F-11D3-BF4B-00C04F79EFBC}") = "PizzaBox.Tests", "PizzaBox.Tests.csproj", "{FD1C6C19-BAB5-4C7E-A70E-D13EC84EFA5A}"
EndProject
Project("{FAE04EC0-301F-11D3-BF4B-00C04F79EFBC}") = "PizzaBox.DataAccess", "..\PizzaBox.DataAccess\PizzaBox.DataAccess.csproj", "{19035FC2-7A8F-4A47-A9ED-44AA16728B54}"
EndProject
Project("{FAE04EC0-301F-11D3-BF4B-00C04F79EFBC}") = "PizzaBox.Library", "..\PizzaBox.Library\PizzaBox.Library.csproj", "{04F9EC80-616D-416B-BDED-4F6F3C22D710}"
EndProject
Global
	GlobalSection(SolutionConfigurationPlatforms) = preSolution
		Debug|Any CPU = Debug|Any CPU
		Release|Any CPU = Release|Any CPU
	EndGlobalSection
	GlobalSection(ProjectConfigurationPlatforms) = postSolution
		{FD1C6C19-BAB5-4C7E-A70E-D13EC84EFA5A}.Debug|Any CPU.ActiveCfg = Debug|Any CPU
		{FD1C6C19-BAB5-4C7E-A70E-D13EC84EFA5A}.Debug|Any CPU.Build.0 = Debug|Any CPU
		{FD1C6C19-BAB5-4C7E-A70E-D13EC84EFA5A}.Release|Any CPU.ActiveCfg = Release|Any CPU
		{FD1C6C19-BAB5-4C7E-A70E-D13EC84EFA5A}.Release|Any CPU.Build.0 = Release|Any CPU
		{19035FC2-7A8F-4A47-A9ED-44AA16728B54}.Debug|Any CPU.ActiveCfg = Debug|Any CPU
		{19035FC2-7A8F-4A47-A9ED-44AA16728B54}.Debug|Any CPU.Build.0 = Debug|Any CPU
		{19035FC2-7A8F-4A47-A9ED-44AA16728B54}.Release|Any CPU.ActiveCfg = Release|Any CPU
		{19035FC2-7A8F-4A47-A9ED-44AA16728B54}.Release|Any CPU.Build.0 = Release|Any CPU
		{04F9EC80-616D-416B-BDED-4F6F3C22D710}.Debug|Any CPU.ActiveCfg = Debug|Any CPU
		{04F9EC80-616D-416B-BDED-4F6F3C22D710}.Debug|Any CPU.Build.0 = Debug|Any CPU
		{04F9EC80-616D-416B-BDED-4F6F3C22D710}.Release|Any CPU.ActiveCfg = Release|Any CPU
		{04F9EC80-616D-416B-BDED-4F6F3C22D710}.Release|Any CPU.Build.0 = Release|Any CPU
	EndGlobalSection
	GlobalSection(SolutionProperties) = preSolution
		HideSolutionNode = FALSE
	EndGlobalSection
	GlobalSection(ExtensibilityGlobals) = postSolution
		SolutionGuid = {9126D5A8-536B-41EB-ADB6-A4676712CAD8}
	EndGlobalSection
EndGlobal
